// !$*UTF8*$!
{
	archiveVersion = 1;
	classes = {
	};
	objectVersion = 56;
	objects = {

/* Begin PBXBuildFile section */
		E2D1E8D12C482B6500C649FF /* AppDelegate.m in Sources */ = {isa = PBXBuildFile; fileRef = E2D1E8D02C482B6500C649FF /* AppDelegate.m */; };
		E2D1E8D42C482B6500C649FF /* SceneDelegate.m in Sources */ = {isa = PBXBuildFile; fileRef = E2D1E8D32C482B6500C649FF /* SceneDelegate.m */; };
		E2D1E8D72C482B6500C649FF /* TodoViewController.m in Sources */ = {isa = PBXBuildFile; fileRef = E2D1E8D62C482B6500C649FF /* TodoViewController.m */; };
		E2D1E8DA2C482B6500C649FF /* Main.storyboard in Resources */ = {isa = PBXBuildFile; fileRef = E2D1E8D82C482B6500C649FF /* Main.storyboard */; };
		E2D1E8DC2C482B6600C649FF /* Assets.xcassets in Resources */ = {isa = PBXBuildFile; fileRef = E2D1E8DB2C482B6600C649FF /* Assets.xcassets */; };
		E2D1E8DF2C482B6600C649FF /* LaunchScreen.storyboard in Resources */ = {isa = PBXBuildFile; fileRef = E2D1E8DD2C482B6600C649FF /* LaunchScreen.storyboard */; };
		E2D1E8E22C482B6600C649FF /* main.m in Sources */ = {isa = PBXBuildFile; fileRef = E2D1E8E12C482B6600C649FF /* main.m */; };
		E2D1E8EA2C482E7700C649FF /* InProgressViewController.m in Sources */ = {isa = PBXBuildFile; fileRef = E2D1E8E92C482E7700C649FF /* InProgressViewController.m */; };
		E2D1E8ED2C482E8D00C649FF /* DoneViewController.m in Sources */ = {isa = PBXBuildFile; fileRef = E2D1E8EC2C482E8D00C649FF /* DoneViewController.m */; };
		E2D97B8F2C48442D00D71366 /* taskDetailsViewController.m in Sources */ = {isa = PBXBuildFile; fileRef = E2D97B8E2C48442D00D71366 /* taskDetailsViewController.m */; };
		E2D97B922C4880B700D71366 /* Task.m in Sources */ = {isa = PBXBuildFile; fileRef = E2D97B912C4880B700D71366 /* Task.m */; };
/* End PBXBuildFile section */

/* Begin PBXFileReference section */
		E2D1E8CC2C482B6500C649FF /* ToDo List App.app */ = {isa = PBXFileReference; explicitFileType = wrapper.application; includeInIndex = 0; path = "ToDo List App.app"; sourceTree = BUILT_PRODUCTS_DIR; };
		E2D1E8CF2C482B6500C649FF /* AppDelegate.h */ = {isa = PBXFileReference; lastKnownFileType = sourcecode.c.h; path = AppDelegate.h; sourceTree = "<group>"; };
		E2D1E8D02C482B6500C649FF /* AppDelegate.m */ = {isa = PBXFileReference; lastKnownFileType = sourcecode.c.objc; path = AppDelegate.m; sourceTree = "<group>"; };
		E2D1E8D22C482B6500C649FF /* SceneDelegate.h */ = {isa = PBXFileReference; lastKnownFileType = sourcecode.c.h; path = SceneDelegate.h; sourceTree = "<group>"; };
		E2D1E8D32C482B6500C649FF /* SceneDelegate.m */ = {isa = PBXFileReference; lastKnownFileType = sourcecode.c.objc; path = SceneDelegate.m; sourceTree = "<group>"; };
		E2D1E8D52C482B6500C649FF /* TodoViewController.h */ = {isa = PBXFileReference; lastKnownFileType = sourcecode.c.h; path = TodoViewController.h; sourceTree = "<group>"; };
		E2D1E8D62C482B6500C649FF /* TodoViewController.m */ = {isa = PBXFileReference; lastKnownFileType = sourcecode.c.objc; path = TodoViewController.m; sourceTree = "<group>"; };
		E2D1E8D92C482B6500C649FF /* Base */ = {isa = PBXFileReference; lastKnownFileType = file.storyboard; name = Base; path = Base.lproj/Main.storyboard; sourceTree = "<group>"; };
		E2D1E8DB2C482B6600C649FF /* Assets.xcassets */ = {isa = PBXFileReference; lastKnownFileType = folder.assetcatalog; path = Assets.xcassets; sourceTree = "<group>"; };
		E2D1E8DE2C482B6600C649FF /* Base */ = {isa = PBXFileReference; lastKnownFileType = file.storyboard; name = Base; path = Base.lproj/LaunchScreen.storyboard; sourceTree = "<group>"; };
		E2D1E8E02C482B6600C649FF /* Info.plist */ = {isa = PBXFileReference; lastKnownFileType = text.plist.xml; path = Info.plist; sourceTree = "<group>"; };
		E2D1E8E12C482B6600C649FF /* main.m */ = {isa = PBXFileReference; lastKnownFileType = sourcecode.c.objc; path = main.m; sourceTree = "<group>"; };
		E2D1E8E82C482E7700C649FF /* InProgressViewController.h */ = {isa = PBXFileReference; lastKnownFileType = sourcecode.c.h; path = InProgressViewController.h; sourceTree = "<group>"; };
		E2D1E8E92C482E7700C649FF /* InProgressViewController.m */ = {isa = PBXFileReference; lastKnownFileType = sourcecode.c.objc; path = InProgressViewController.m; sourceTree = "<group>"; };
		E2D1E8EB2C482E8D00C649FF /* DoneViewController.h */ = {isa = PBXFileReference; lastKnownFileType = sourcecode.c.h; path = DoneViewController.h; sourceTree = "<group>"; };
		E2D1E8EC2C482E8D00C649FF /* DoneViewController.m */ = {isa = PBXFileReference; lastKnownFileType = sourcecode.c.objc; path = DoneViewController.m; sourceTree = "<group>"; };
		E2D97B8D2C48442D00D71366 /* taskDetailsViewController.h */ = {isa = PBXFileReference; lastKnownFileType = sourcecode.c.h; path = taskDetailsViewController.h; sourceTree = "<group>"; };
		E2D97B8E2C48442D00D71366 /* taskDetailsViewController.m */ = {isa = PBXFileReference; lastKnownFileType = sourcecode.c.objc; path = taskDetailsViewController.m; sourceTree = "<group>"; };
		E2D97B902C4880B700D71366 /* Task.h */ = {isa = PBXFileReference; lastKnownFileType = sourcecode.c.h; path = Task.h; sourceTree = "<group>"; };
		E2D97B912C4880B700D71366 /* Task.m */ = {isa = PBXFileReference; lastKnownFileType = sourcecode.c.objc; path = Task.m; sourceTree = "<group>"; };
/* End PBXFileReference section */

/* Begin PBXFrameworksBuildPhase section */
		E2D1E8C92C482B6500C649FF /* Frameworks */ = {
			isa = PBXFrameworksBuildPhase;
			buildActionMask = 2147483647;
			files = (
			);
			runOnlyForDeploymentPostprocessing = 0;
		};
/* End PBXFrameworksBuildPhase section */

/* Begin PBXGroup section */
		E2D1E8C32C482B6500C649FF = {
			isa = PBXGroup;
			children = (
				E2D1E8CE2C482B6500C649FF /* ToDo List App */,
				E2D1E8CD2C482B6500C649FF /* Products */,
			);
			sourceTree = "<group>";
		};
		E2D1E8CD2C482B6500C649FF /* Products */ = {
			isa = PBXGroup;
			children = (
				E2D1E8CC2C482B6500C649FF /* ToDo List App.app */,
			);
			name = Products;
			sourceTree = "<group>";
		};
		E2D1E8CE2C482B6500C649FF /* ToDo List App */ = {
			isa = PBXGroup;
			children = (
				E2D1E8CF2C482B6500C649FF /* AppDelegate.h */,
				E2D1E8D02C482B6500C649FF /* AppDelegate.m */,
				E2D1E8D22C482B6500C649FF /* SceneDelegate.h */,
				E2D1E8D32C482B6500C649FF /* SceneDelegate.m */,
				E2D1E8D82C482B6500C649FF /* Main.storyboard */,
				E2D1E8DB2C482B6600C649FF /* Assets.xcassets */,
				E2D1E8DD2C482B6600C649FF /* LaunchScreen.storyboard */,
				E2D1E8E02C482B6600C649FF /* Info.plist */,
				E2D1E8E12C482B6600C649FF /* main.m */,
				E2D1E8D52C482B6500C649FF /* TodoViewController.h */,
				E2D1E8D62C482B6500C649FF /* TodoViewController.m */,
				E2D1E8E82C482E7700C649FF /* InProgressViewController.h */,
				E2D1E8E92C482E7700C649FF /* InProgressViewController.m */,
				E2D1E8EB2C482E8D00C649FF /* DoneViewController.h */,
				E2D1E8EC2C482E8D00C649FF /* DoneViewController.m */,
				E2D97B8D2C48442D00D71366 /* taskDetailsViewController.h */,
				E2D97B8E2C48442D00D71366 /* taskDetailsViewController.m */,
				E2D97B902C4880B700D71366 /* Task.h */,
				E2D97B912C4880B700D71366 /* Task.m */,
			);
			path = "ToDo List App";
			sourceTree = "<group>";
		};
/* End PBXGroup section */

/* Begin PBXNativeTarget section */
		E2D1E8CB2C482B6500C649FF /* ToDo List App */ = {
			isa = PBXNativeTarget;
			buildConfigurationList = E2D1E8E52C482B6600C649FF /* Build configuration list for PBXNativeTarget "ToDo List App" */;
			buildPhases = (
				E2D1E8C82C482B6500C649FF /* Sources */,
				E2D1E8C92C482B6500C649FF /* Frameworks */,
				E2D1E8CA2C482B6500C649FF /* Resources */,
			);
			buildRules = (
			);
			dependencies = (
			);
			name = "ToDo List App";
			productName = "ToDo List App";
			productReference = E2D1E8CC2C482B6500C649FF /* ToDo List App.app */;
			productType = "com.apple.product-type.application";
		};
/* End PBXNativeTarget section */

/* Begin PBXProject section */
		E2D1E8C42C482B6500C649FF /* Project object */ = {
			isa = PBXProject;
			attributes = {
				BuildIndependentTargetsInParallel = 1;
				LastUpgradeCheck = 1500;
				TargetAttributes = {
					E2D1E8CB2C482B6500C649FF = {
						CreatedOnToolsVersion = 15.0.1;
					};
				};
			};
			buildConfigurationList = E2D1E8C72C482B6500C649FF /* Build configuration list for PBXProject "ToDo List App" */;
			compatibilityVersion = "Xcode 14.0";
			developmentRegion = en;
			hasScannedForEncodings = 0;
			knownRegions = (
				en,
				Base,
			);
			mainGroup = E2D1E8C32C482B6500C649FF;
			productRefGroup = E2D1E8CD2C482B6500C649FF /* Products */;
			projectDirPath = "";
			projectRoot = "";
			targets = (
				E2D1E8CB2C482B6500C649FF /* ToDo List App */,
			);
		};
/* End PBXProject section */

/* Begin PBXResourcesBuildPhase section */
		E2D1E8CA2C482B6500C649FF /* Resources */ = {
			isa = PBXResourcesBuildPhase;
			buildActionMask = 2147483647;
			files = (
				E2D1E8DF2C482B6600C649FF /* LaunchScreen.storyboard in Resources */,
				E2D1E8DC2C482B6600C649FF /* Assets.xcassets in Resources */,
				E2D1E8DA2C482B6500C649FF /* Main.storyboard in Resources */,
			);
			runOnlyForDeploymentPostprocessing = 0;
		};
/* End PBXResourcesBuildPhase section */

/* Begin PBXSourcesBuildPhase section */
		E2D1E8C82C482B6500C649FF /* Sources */ = {
			isa = PBXSourcesBuildPhase;
			buildActionMask = 2147483647;
			files = (
				E2D1E8ED2C482E8D00C649FF /* DoneViewController.m in Sources */,
				E2D1E8D72C482B6500C649FF /* TodoViewController.m in Sources */,
				E2D1E8EA2C482E7700C649FF /* InProgressViewController.m in Sources */,
				E2D1E8D12C482B6500C649FF /* AppDelegate.m in Sources */,
				E2D1E8E22C482B6600C649FF /* main.m in Sources */,
				E2D97B8F2C48442D00D71366 /* taskDetailsViewController.m in Sources */,
				E2D97B922C4880B700D71366 /* Task.m in Sources */,
				E2D1E8D42C482B6500C649FF /* SceneDelegate.m in Sources */,
			);
			runOnlyForDeploymentPostprocessing = 0;
		};
/* End PBXSourcesBuildPhase section */

/* Begin PBXVariantGroup section */
		E2D1E8D82C482B6500C649FF /* Main.storyboard */ = {
			isa = PBXVariantGroup;
			children = (
				E2D1E8D92C482B6500C649FF /* Base */,
			);
			name = Main.storyboard;
			sourceTree = "<group>";
		};
		E2D1E8DD2C482B6600C649FF /* LaunchScreen.storyboard */ = {
			isa = PBXVariantGroup;
			children = (
				E2D1E8DE2C482B6600C649FF /* Base */,
			);
			name = LaunchScreen.storyboard;
			sourceTree = "<group>";
		};
/* End PBXVariantGroup section */

/* Begin XCBuildConfiguration section */
		E2D1E8E32C482B6600C649FF /* Debug */ = {
			isa = XCBuildConfiguration;
			buildSettings = {
				ALWAYS_SEARCH_USER_PATHS = NO;
				ASSETCATALOG_COMPILER_GENERATE_SWIFT_ASSET_SYMBOL_EXTENSIONS = YES;
				CLANG_ANALYZER_NONNULL = YES;
				CLANG_ANALYZER_NUMBER_OBJECT_CONVERSION = YES_AGGRESSIVE;
				CLANG_CXX_LANGUAGE_STANDARD = "gnu++20";
				CLANG_ENABLE_MODULES = YES;
				CLANG_ENABLE_OBJC_ARC = YES;
				CLANG_ENABLE_OBJC_WEAK = YES;
				CLANG_WARN_BLOCK_CAPTURE_AUTORELEASING = YES;
				CLANG_WARN_BOOL_CONVERSION = YES;
				CLANG_WARN_COMMA = YES;
				CLANG_WARN_CONSTANT_CONVERSION = YES;
				CLANG_WARN_DEPRECATED_OBJC_IMPLEMENTATIONS = YES;
				CLANG_WARN_DIRECT_OBJC_ISA_USAGE = YES_ERROR;
				CLANG_WARN_DOCUMENTATION_COMMENTS = YES;
				CLANG_WARN_EMPTY_BODY = YES;
				CLANG_WARN_ENUM_CONVERSION = YES;
				CLANG_WARN_INFINITE_RECURSION = YES;
				CLANG_WARN_INT_CONVERSION = YES;
				CLANG_WARN_NON_LITERAL_NULL_CONVERSION = YES;
				CLANG_WARN_OBJC_IMPLICIT_RETAIN_SELF = YES;
				CLANG_WARN_OBJC_LITERAL_CONVERSION = YES;
				CLANG_WARN_OBJC_ROOT_CLASS = YES_ERROR;
				CLANG_WARN_QUOTED_INCLUDE_IN_FRAMEWORK_HEADER = YES;
				CLANG_WARN_RANGE_LOOP_ANALYSIS = YES;
				CLANG_WARN_STRICT_PROTOTYPES = YES;
				CLANG_WARN_SUSPICIOUS_MOVE = YES;
				CLANG_WARN_UNGUARDED_AVAILABILITY = YES_AGGRESSIVE;
				CLANG_WARN_UNREACHABLE_CODE = YES;
				CLANG_WARN__DUPLICATE_METHOD_MATCH = YES;
				COPY_PHASE_STRIP = NO;
				DEBUG_INFORMATION_FORMAT = dwarf;
				ENABLE_STRICT_OBJC_MSGSEND = YES;
				ENABLE_TESTABILITY = YES;
				ENABLE_USER_SCRIPT_SANDBOXING = YES;
				GCC_C_LANGUAGE_STANDARD = gnu17;
				GCC_DYNAMIC_NO_PIC = NO;
				GCC_NO_COMMON_BLOCKS = YES;
				GCC_OPTIMIZATION_LEVEL = 0;
				GCC_PREPROCESSOR_DEFINITIONS = (
					"DEBUG=1",
					"$(inherited)",
				);
				GCC_WARN_64_TO_32_BIT_CONVERSION = YES;
				GCC_WARN_ABOUT_RETURN_TYPE = YES_ERROR;
				GCC_WARN_UNDECLARED_SELECTOR = YES;
				GCC_WARN_UNINITIALIZED_AUTOS = YES_AGGRESSIVE;
				GCC_WARN_UNUSED_FUNCTION = YES;
				GCC_WARN_UNUSED_VARIABLE = YES;
				IPHONEOS_DEPLOYMENT_TARGET = 17.0;
				LOCALIZATION_PREFERS_STRING_CATALOGS = YES;
				MTL_ENABLE_DEBUG_INFO = INCLUDE_SOURCE;
				MTL_FAST_MATH = YES;
				ONLY_ACTIVE_ARCH = YES;
				SDKROOT = iphoneos;
			};
			name = Debug;
		};
		E2D1E8E42C482B6600C649FF /* Release */ = {
			isa = XCBuildConfiguration;
			buildSettings = {
				ALWAYS_SEARCH_USER_PATHS = NO;
				ASSETCATALOG_COMPILER_GENERATE_SWIFT_ASSET_SYMBOL_EXTENSIONS = YES;
				CLANG_ANALYZER_NONNULL = YES;
				CLANG_ANALYZER_NUMBER_OBJECT_CONVERSION = YES_AGGRESSIVE;
				CLANG_CXX_LANGUAGE_STANDARD = "gnu++20";
				CLANG_ENABLE_MODULES = YES;
				CLANG_ENABLE_OBJC_ARC = YES;
				CLANG_ENABLE_OBJC_WEAK = YES;
				CLANG_WARN_BLOCK_CAPTURE_AUTORELEASING = YES;
				CLANG_WARN_BOOL_CONVERSION = YES;
				CLANG_WARN_COMMA = YES;
				CLANG_WARN_CONSTANT_CONVERSION = YES;
				CLANG_WARN_DEPRECATED_OBJC_IMPLEMENTATIONS = YES;
				CLANG_WARN_DIRECT_OBJC_ISA_USAGE = YES_ERROR;
				CLANG_WARN_DOCUMENTATION_COMMENTS = YES;
				CLANG_WARN_EMPTY_BODY = YES;
				CLANG_WARN_ENUM_CONVERSION = YES;
				CLANG_WARN_INFINITE_RECURSION = YES;
				CLANG_WARN_INT_CONVERSION = YES;
				CLANG_WARN_NON_LITERAL_NULL_CONVERSION = YES;
				CLANG_WARN_OBJC_IMPLICIT_RETAIN_SELF = YES;
				CLANG_WARN_OBJC_LITERAL_CONVERSION = YES;
				CLANG_WARN_OBJC_ROOT_CLASS = YES_ERROR;
				CLANG_WARN_QUOTED_INCLUDE_IN_FRAMEWORK_HEADER = YES;
				CLANG_WARN_RANGE_LOOP_ANALYSIS = YES;
				CLANG_WARN_STRICT_PROTOTYPES = YES;
				CLANG_WARN_SUSPICIOUS_MOVE = YES;
				CLANG_WARN_UNGUARDED_AVAILABILITY = YES_AGGRESSIVE;
				CLANG_WARN_UNREACHABLE_CODE = YES;
				CLANG_WARN__DUPLICATE_METHOD_MATCH = YES;
				COPY_PHASE_STRIP = NO;
				DEBUG_INFORMATION_FORMAT = "dwarf-with-dsym";
				ENABLE_NS_ASSERTIONS = NO;
				ENABLE_STRICT_OBJC_MSGSEND = YES;
				ENABLE_USER_SCRIPT_SANDBOXING = YES;
				GCC_C_LANGUAGE_STANDARD = gnu17;
				GCC_NO_COMMON_BLOCKS = YES;
				GCC_WARN_64_TO_32_BIT_CONVERSION = YES;
				GCC_WARN_ABOUT_RETURN_TYPE = YES_ERROR;
				GCC_WARN_UNDECLARED_SELECTOR = YES;
				GCC_WARN_UNINITIALIZED_AUTOS = YES_AGGRESSIVE;
				GCC_WARN_UNUSED_FUNCTION = YES;
				GCC_WARN_UNUSED_VARIABLE = YES;
				IPHONEOS_DEPLOYMENT_TARGET = 17.0;
				LOCALIZATION_PREFERS_STRING_CATALOGS = YES;
				MTL_ENABLE_DEBUG_INFO = NO;
				MTL_FAST_MATH = YES;
				SDKROOT = iphoneos;
				VALIDATE_PRODUCT = YES;
			};
			name = Release;
		};
		E2D1E8E62C482B6600C649FF /* Debug */ = {
			isa = XCBuildConfiguration;
			buildSettings = {
				ASSETCATALOG_COMPILER_APPICON_NAME = AppIcon;
				ASSETCATALOG_COMPILER_GLOBAL_ACCENT_COLOR_NAME = AccentColor;
				CODE_SIGN_STYLE = Automatic;
				CURRENT_PROJECT_VERSION = 1;
				DEVELOPMENT_TEAM = GKPLQ37DMR;
				GENERATE_INFOPLIST_FILE = YES;
				INFOPLIST_FILE = "ToDo List App/Info.plist";
				INFOPLIST_KEY_UIApplicationSupportsIndirectInputEvents = YES;
				INFOPLIST_KEY_UILaunchStoryboardName = LaunchScreen;
				INFOPLIST_KEY_UIMainStoryboardFile = Main;
				INFOPLIST_KEY_UISupportedInterfaceOrientations_iPad = "UIInterfaceOrientationPortrait UIInterfaceOrientationPortraitUpsideDown UIInterfaceOrientationLandscapeLeft UIInterfaceOrientationLandscapeRight";
				INFOPLIST_KEY_UISupportedInterfaceOrientations_iPhone = "UIInterfaceOrientationPortrait UIInterfaceOrientationLandscapeLeft UIInterfaceOrientationLandscapeRight";
				LD_RUNPATH_SEARCH_PATHS = (
					"$(inherited)",
					"@executable_path/Frameworks",
				);
				MARKETING_VERSION = 1.0;
				PRODUCT_BUNDLE_IDENTIFIER = "ahmed.ToDo-List-App";
				PRODUCT_NAME = "$(TARGET_NAME)";
				SWIFT_EMIT_LOC_STRINGS = YES;
				TARGETED_DEVICE_FAMILY = "1,2";
			};
			name = Debug;
		};
		E2D1E8E72C482B6600C649FF /* Release */ = {
			isa = XCBuildConfiguration;
			buildSettings = {
				ASSETCATALOG_COMPILER_APPICON_NAME = AppIcon;
				ASSETCATALOG_COMPILER_GLOBAL_ACCENT_COLOR_NAME = AccentColor;
				CODE_SIGN_STYLE = Automatic;
				CURRENT_PROJECT_VERSION = 1;
				DEVELOPMENT_TEAM = GKPLQ37DMR;
				GENERATE_INFOPLIST_FILE = YES;
				INFOPLIST_FILE = "ToDo List App/Info.plist";
				INFOPLIST_KEY_UIApplicationSupportsIndirectInputEvents = YES;
				INFOPLIST_KEY_UILaunchStoryboardName = LaunchScreen;
				INFOPLIST_KEY_UIMainStoryboardFile = Main;
				INFOPLIST_KEY_UISupportedInterfaceOrientations_iPad = "UIInterfaceOrientationPortrait UIInterfaceOrientationPortraitUpsideDown UIInterfaceOrientationLandscapeLeft UIInterfaceOrientationLandscapeRight";
				INFOPLIST_KEY_UISupportedInterfaceOrientations_iPhone = "UIInterfaceOrientationPortrait UIInterfaceOrientationLandscapeLeft UIInterfaceOrientationLandscapeRight";
				LD_RUNPATH_SEARCH_PATHS = (
					"$(inherited)",
					"@executable_path/Frameworks",
				);
				MARKETING_VERSION = 1.0;
				PRODUCT_BUNDLE_IDENTIFIER = "ahmed.ToDo-List-App";
				PRODUCT_NAME = "$(TARGET_NAME)";
				SWIFT_EMIT_LOC_STRINGS = YES;
				TARGETED_DEVICE_FAMILY = "1,2";
			};
			name = Release;
		};
/* End XCBuildConfiguration section */

/* Begin XCConfigurationList section */
		E2D1E8C72C482B6500C649FF /* Build configuration list for PBXProject "ToDo List App" */ = {
			isa = XCConfigurationList;
			buildConfigurations = (
				E2D1E8E32C482B6600C649FF /* Debug */,
				E2D1E8E42C482B6600C649FF /* Release */,
			);
			defaultConfigurationIsVisible = 0;
			defaultConfigurationName = Release;
		};
		E2D1E8E52C482B6600C649FF /* Build configuration list for PBXNativeTarget "ToDo List App" */ = {
			isa = XCConfigurationList;
			buildConfigurations = (
				E2D1E8E62C482B6600C649FF /* Debug */,
				E2D1E8E72C482B6600C649FF /* Release */,
			);
			defaultConfigurationIsVisible = 0;
			defaultConfigurationName = Release;
		};
/* End XCConfigurationList section */
	};
	rootObject = E2D1E8C42C482B6500C649FF /* Project object */;
}
